
Microsoft Visual Studio Solution File, Format Version 12.00
# Visual Studio 15
VisualStudioVersion = 15.0.27128.1
MinimumVisualStudioVersion = 10.0.40219.1
Project("{FAE04EC0-301F-11D3-BF4B-00C04F79EFBC}") = "EacSurveys", "EacSurveys\EacSurveys.csproj", "{3E1365B5-18A7-48A9-AFCB-815DFF672F8E}"
EndProject
Project("{FAE04EC0-301F-11D3-BF4B-00C04F79EFBC}") = "LINQtoXSDLib", "..\..\QTIUtility\LINQtoXSDLib\LINQtoXSDLib\LINQtoXSDLib.csproj", "{260DE95F-A945-469F-A79C-38EED50F6171}"
EndProject
Project("{FAE04EC0-301F-11D3-BF4B-00C04F79EFBC}") = "QTIUtility", "..\..\QTIUtility\QTIUtility\QTIUtility.csproj", "{56499D73-333B-4667-A123-D44D180429C4}"
EndProject
Project("{FAE04EC0-301F-11D3-BF4B-00C04F79EFBC}") = "BbSurveysRoutines", "BbSurveysRoutines\BbSurveysRoutines.csproj", "{E9BD903F-8745-4517-95E9-389B5586B884}"
EndProject
Project("{54435603-DBB4-11D2-8724-00A0C9A8B90C}") = "EacSetup", "EacSetup\EacSetup.vdproj", "{EAC65425-CDB2-4DB4-8DEA-094738F2D2C5}"
EndProject
Global
	GlobalSection(SolutionConfigurationPlatforms) = preSolution
		Debug|Any CPU = Debug|Any CPU
		Debug|x64 = Debug|x64
		Debug|x86 = Debug|x86
		Enterprise anonymous|Any CPU = Enterprise anonymous|Any CPU
		Enterprise anonymous|x64 = Enterprise anonymous|x64
		Enterprise anonymous|x86 = Enterprise anonymous|x86
		Enterprise non-anonymous|Any CPU = Enterprise non-anonymous|Any CPU
		Enterprise non-anonymous|x64 = Enterprise non-anonymous|x64
		Enterprise non-anonymous|x86 = Enterprise non-anonymous|x86
		Instructor|Any CPU = Instructor|Any CPU
		Instructor|x64 = Instructor|x64
		Instructor|x86 = Instructor|x86
		Release|Any CPU = Release|Any CPU
		Release|x64 = Release|x64
		Release|x86 = Release|x86
	EndGlobalSection
	GlobalSection(ProjectConfigurationPlatforms) = postSolution
		{3E1365B5-18A7-48A9-AFCB-815DFF672F8E}.Debug|Any CPU.ActiveCfg = Debug|Any CPU
		{3E1365B5-18A7-48A9-AFCB-815DFF672F8E}.Debug|Any CPU.Build.0 = Debug|Any CPU
		{3E1365B5-18A7-48A9-AFCB-815DFF672F8E}.Debug|x64.ActiveCfg = Debug|x64
		{3E1365B5-18A7-48A9-AFCB-815DFF672F8E}.Debug|x64.Build.0 = Debug|x64
		{3E1365B5-18A7-48A9-AFCB-815DFF672F8E}.Debug|x86.ActiveCfg = Debug|Any CPU
		{3E1365B5-18A7-48A9-AFCB-815DFF672F8E}.Debug|x86.Build.0 = Debug|Any CPU
		{3E1365B5-18A7-48A9-AFCB-815DFF672F8E}.Enterprise anonymous|Any CPU.ActiveCfg = Release|Any CPU
		{3E1365B5-18A7-48A9-AFCB-815DFF672F8E}.Enterprise anonymous|Any CPU.Build.0 = Release|Any CPU
		{3E1365B5-18A7-48A9-AFCB-815DFF672F8E}.Enterprise anonymous|x64.ActiveCfg = Release|Any CPU
		{3E1365B5-18A7-48A9-AFCB-815DFF672F8E}.Enterprise anonymous|x64.Build.0 = Release|Any CPU
		{3E1365B5-18A7-48A9-AFCB-815DFF672F8E}.Enterprise anonymous|x86.ActiveCfg = Release|Any CPU
		{3E1365B5-18A7-48A9-AFCB-815DFF672F8E}.Enterprise anonymous|x86.Build.0 = Release|Any CPU
		{3E1365B5-18A7-48A9-AFCB-815DFF672F8E}.Enterprise non-anonymous|Any CPU.ActiveCfg = Release|Any CPU
		{3E1365B5-18A7-48A9-AFCB-815DFF672F8E}.Enterprise non-anonymous|Any CPU.Build.0 = Release|Any CPU
		{3E1365B5-18A7-48A9-AFCB-815DFF672F8E}.Enterprise non-anonymous|x64.ActiveCfg = Release|Any CPU
		{3E1365B5-18A7-48A9-AFCB-815DFF672F8E}.Enterprise non-anonymous|x64.Build.0 = Release|Any CPU
		{3E1365B5-18A7-48A9-AFCB-815DFF672F8E}.Enterprise non-anonymous|x86.ActiveCfg = Release|Any CPU
		{3E1365B5-18A7-48A9-AFCB-815DFF672F8E}.Enterprise non-anonymous|x86.Build.0 = Release|Any CPU
		{3E1365B5-18A7-48A9-AFCB-815DFF672F8E}.Instructor|Any CPU.ActiveCfg = Release|Any CPU
		{3E1365B5-18A7-48A9-AFCB-815DFF672F8E}.Instructor|Any CPU.Build.0 = Release|Any CPU
		{3E1365B5-18A7-48A9-AFCB-815DFF672F8E}.Instructor|x64.ActiveCfg = Release|Any CPU
		{3E1365B5-18A7-48A9-AFCB-815DFF672F8E}.Instructor|x64.Build.0 = Release|Any CPU
		{3E1365B5-18A7-48A9-AFCB-815DFF672F8E}.Instructor|x86.ActiveCfg = Release|Any CPU
		{3E1365B5-18A7-48A9-AFCB-815DFF672F8E}.Instructor|x86.Build.0 = Release|Any CPU
		{3E1365B5-18A7-48A9-AFCB-815DFF672F8E}.Release|Any CPU.ActiveCfg = Release|Any CPU
		{3E1365B5-18A7-48A9-AFCB-815DFF672F8E}.Release|Any CPU.Build.0 = Release|Any CPU
		{3E1365B5-18A7-48A9-AFCB-815DFF672F8E}.Release|x64.ActiveCfg = Release|Any CPU
		{3E1365B5-18A7-48A9-AFCB-815DFF672F8E}.Release|x64.Build.0 = Release|Any CPU
		{3E1365B5-18A7-48A9-AFCB-815DFF672F8E}.Release|x86.ActiveCfg = Release|Any CPU
		{3E1365B5-18A7-48A9-AFCB-815DFF672F8E}.Release|x86.Build.0 = Release|Any CPU
		{260DE95F-A945-469F-A79C-38EED50F6171}.Debug|Any CPU.ActiveCfg = Debug|Any CPU
		{260DE95F-A945-469F-A79C-38EED50F6171}.Debug|Any CPU.Build.0 = Debug|Any CPU
		{260DE95F-A945-469F-A79C-38EED50F6171}.Debug|x64.ActiveCfg = Debug|x64
		{260DE95F-A945-469F-A79C-38EED50F6171}.Debug|x64.Build.0 = Debug|x64
		{260DE95F-A945-469F-A79C-38EED50F6171}.Debug|x86.ActiveCfg = Debug|x86
		{260DE95F-A945-469F-A79C-38EED50F6171}.Debug|x86.Build.0 = Debug|x86
		{260DE95F-A945-469F-A79C-38EED50F6171}.Enterprise anonymous|Any CPU.ActiveCfg = Enterprise anonymous|Any CPU
		{260DE95F-A945-469F-A79C-38EED50F6171}.Enterprise anonymous|Any CPU.Build.0 = Enterprise anonymous|Any CPU
		{260DE95F-A945-469F-A79C-38EED50F6171}.Enterprise anonymous|x64.ActiveCfg = Enterprise anonymous|x64
		{260DE95F-A945-469F-A79C-38EED50F6171}.Enterprise anonymous|x64.Build.0 = Enterprise anonymous|x64
		{260DE95F-A945-469F-A79C-38EED50F6171}.Enterprise anonymous|x86.ActiveCfg = Enterprise anonymous|x86
		{260DE95F-A945-469F-A79C-38EED50F6171}.Enterprise anonymous|x86.Build.0 = Enterprise anonymous|x86
		{260DE95F-A945-469F-A79C-38EED50F6171}.Enterprise non-anonymous|Any CPU.ActiveCfg = Enterprise non-anonymous|Any CPU
		{260DE95F-A945-469F-A79C-38EED50F6171}.Enterprise non-anonymous|Any CPU.Build.0 = Enterprise non-anonymous|Any CPU
		{260DE95F-A945-469F-A79C-38EED50F6171}.Enterprise non-anonymous|x64.ActiveCfg = Enterprise non-anonymous|x64
		{260DE95F-A945-469F-A79C-38EED50F6171}.Enterprise non-anonymous|x64.Build.0 = Enterprise non-anonymous|x64
		{260DE95F-A945-469F-A79C-38EED50F6171}.Enterprise non-anonymous|x86.ActiveCfg = Enterprise non-anonymous|x86
		{260DE95F-A945-469F-A79C-38EED50F6171}.Enterprise non-anonymous|x86.Build.0 = Enterprise non-anonymous|x86
		{260DE95F-A945-469F-A79C-38EED50F6171}.Instructor|Any CPU.ActiveCfg = Instructor|Any CPU
		{260DE95F-A945-469F-A79C-38EED50F6171}.Instructor|Any CPU.Build.0 = Instructor|Any CPU
		{260DE95F-A945-469F-A79C-38EED50F6171}.Instructor|x64.ActiveCfg = Instructor|x64
		{260DE95F-A945-469F-A79C-38EED50F6171}.Instructor|x64.Build.0 = Instructor|x64
		{260DE95F-A945-469F-A79C-38EED50F6171}.Instructor|x86.ActiveCfg = Instructor|x86
		{260DE95F-A945-469F-A79C-38EED50F6171}.Instructor|x86.Build.0 = Instructor|x86
		{260DE95F-A945-469F-A79C-38EED50F6171}.Release|Any CPU.ActiveCfg = Release|Any CPU
		{260DE95F-A945-469F-A79C-38EED50F6171}.Release|Any CPU.Build.0 = Release|Any CPU
		{260DE95F-A945-469F-A79C-38EED50F6171}.Release|x64.ActiveCfg = Release|x64
		{260DE95F-A945-469F-A79C-38EED50F6171}.Release|x64.Build.0 = Release|x64
		{260DE95F-A945-469F-A79C-38EED50F6171}.Release|x86.ActiveCfg = Release|x86
		{260DE95F-A945-469F-A79C-38EED50F6171}.Release|x86.Build.0 = Release|x86
		{56499D73-333B-4667-A123-D44D180429C4}.Debug|Any CPU.ActiveCfg = Debug|Any CPU
		{56499D73-333B-4667-A123-D44D180429C4}.Debug|Any CPU.Build.0 = Debug|Any CPU
		{56499D73-333B-4667-A123-D44D180429C4}.Debug|x64.ActiveCfg = Debug|x64
		{56499D73-333B-4667-A123-D44D180429C4}.Debug|x64.Build.0 = Debug|x64
		{56499D73-333B-4667-A123-D44D180429C4}.Debug|x86.ActiveCfg = Debug|x86
		{56499D73-333B-4667-A123-D44D180429C4}.Debug|x86.Build.0 = Debug|x86
		{56499D73-333B-4667-A123-D44D180429C4}.Enterprise anonymous|Any CPU.ActiveCfg = Enterprise anonymous|Any CPU
		{56499D73-333B-4667-A123-D44D180429C4}.Enterprise anonymous|Any CPU.Build.0 = Enterprise anonymous|Any CPU
		{56499D73-333B-4667-A123-D44D180429C4}.Enterprise anonymous|x64.ActiveCfg = Enterprise anonymous|x64
		{56499D73-333B-4667-A123-D44D180429C4}.Enterprise anonymous|x64.Build.0 = Enterprise anonymous|x64
		{56499D73-333B-4667-A123-D44D180429C4}.Enterprise anonymous|x86.ActiveCfg = Enterprise anonymous|x86
		{56499D73-333B-4667-A123-D44D180429C4}.Enterprise anonymous|x86.Build.0 = Enterprise anonymous|x86
		{56499D73-333B-4667-A123-D44D180429C4}.Enterprise non-anonymous|Any CPU.ActiveCfg = Enterprise non-anonymous|Any CPU
		{56499D73-333B-4667-A123-D44D180429C4}.Enterprise non-anonymous|Any CPU.Build.0 = Enterprise non-anonymous|Any CPU
		{56499D73-333B-4667-A123-D44D180429C4}.Enterprise non-anonymous|x64.ActiveCfg = Enterprise non-anonymous|x64
		{56499D73-333B-4667-A123-D44D180429C4}.Enterprise non-anonymous|x64.Build.0 = Enterprise non-anonymous|x64
		{56499D73-333B-4667-A123-D44D180429C4}.Enterprise non-anonymous|x86.ActiveCfg = Enterprise non-anonymous|x86
		{56499D73-333B-4667-A123-D44D180429C4}.Enterprise non-anonymous|x86.Build.0 = Enterprise non-anonymous|x86
		{56499D73-333B-4667-A123-D44D180429C4}.Instructor|Any CPU.ActiveCfg = Instructor|Any CPU
		{56499D73-333B-4667-A123-D44D180429C4}.Instructor|Any CPU.Build.0 = Instructor|Any CPU
		{56499D73-333B-4667-A123-D44D180429C4}.Instructor|x64.ActiveCfg = Instructor|x64
		{56499D73-333B-4667-A123-D44D180429C4}.Instructor|x64.Build.0 = Instructor|x64
		{56499D73-333B-4667-A123-D44D180429C4}.Instructor|x86.ActiveCfg = Instructor|x86
		{56499D73-333B-4667-A123-D44D180429C4}.Instructor|x86.Build.0 = Instructor|x86
		{56499D73-333B-4667-A123-D44D180429C4}.Release|Any CPU.ActiveCfg = Release|Any CPU
		{56499D73-333B-4667-A123-D44D180429C4}.Release|Any CPU.Build.0 = Release|Any CPU
		{56499D73-333B-4667-A123-D44D180429C4}.Release|x64.ActiveCfg = Release|x64
		{56499D73-333B-4667-A123-D44D180429C4}.Release|x64.Build.0 = Release|x64
		{56499D73-333B-4667-A123-D44D180429C4}.Release|x86.ActiveCfg = Release|x86
		{56499D73-333B-4667-A123-D44D180429C4}.Release|x86.Build.0 = Release|x86
		{E9BD903F-8745-4517-95E9-389B5586B884}.Debug|Any CPU.ActiveCfg = Debug|Any CPU
		{E9BD903F-8745-4517-95E9-389B5586B884}.Debug|Any CPU.Build.0 = Debug|Any CPU
		{E9BD903F-8745-4517-95E9-389B5586B884}.Debug|x64.ActiveCfg = Debug|x64
		{E9BD903F-8745-4517-95E9-389B5586B884}.Debug|x64.Build.0 = Debug|x64
		{E9BD903F-8745-4517-95E9-389B5586B884}.Debug|x86.ActiveCfg = Debug|Any CPU
		{E9BD903F-8745-4517-95E9-389B5586B884}.Debug|x86.Build.0 = Debug|Any CPU
		{E9BD903F-8745-4517-95E9-389B5586B884}.Enterprise anonymous|Any CPU.ActiveCfg = Release|Any CPU
		{E9BD903F-8745-4517-95E9-389B5586B884}.Enterprise anonymous|Any CPU.Build.0 = Release|Any CPU
		{E9BD903F-8745-4517-95E9-389B5586B884}.Enterprise anonymous|x64.ActiveCfg = Release|Any CPU
		{E9BD903F-8745-4517-95E9-389B5586B884}.Enterprise anonymous|x64.Build.0 = Release|Any CPU
		{E9BD903F-8745-4517-95E9-389B5586B884}.Enterprise anonymous|x86.ActiveCfg = Release|Any CPU
		{E9BD903F-8745-4517-95E9-389B5586B884}.Enterprise anonymous|x86.Build.0 = Release|Any CPU
		{E9BD903F-8745-4517-95E9-389B5586B884}.Enterprise non-anonymous|Any CPU.ActiveCfg = Release|Any CPU
		{E9BD903F-8745-4517-95E9-389B5586B884}.Enterprise non-anonymous|Any CPU.Build.0 = Release|Any CPU
		{E9BD903F-8745-4517-95E9-389B5586B884}.Enterprise non-anonymous|x64.ActiveCfg = Release|Any CPU
		{E9BD903F-8745-4517-95E9-389B5586B884}.Enterprise non-anonymous|x64.Build.0 = Release|Any CPU
		{E9BD903F-8745-4517-95E9-389B5586B884}.Enterprise non-anonymous|x86.ActiveCfg = Release|Any CPU
		{E9BD903F-8745-4517-95E9-389B5586B884}.Enterprise non-anonymous|x86.Build.0 = Release|Any CPU
		{E9BD903F-8745-4517-95E9-389B5586B884}.Instructor|Any CPU.ActiveCfg = Release|Any CPU
		{E9BD903F-8745-4517-95E9-389B5586B884}.Instructor|Any CPU.Build.0 = Release|Any CPU
		{E9BD903F-8745-4517-95E9-389B5586B884}.Instructor|x64.ActiveCfg = Release|Any CPU
		{E9BD903F-8745-4517-95E9-389B5586B884}.Instructor|x64.Build.0 = Release|Any CPU
		{E9BD903F-8745-4517-95E9-389B5586B884}.Instructor|x86.ActiveCfg = Release|Any CPU
		{E9BD903F-8745-4517-95E9-389B5586B884}.Instructor|x86.Build.0 = Release|Any CPU
		{E9BD903F-8745-4517-95E9-389B5586B884}.Release|Any CPU.ActiveCfg = Release|Any CPU
		{E9BD903F-8745-4517-95E9-389B5586B884}.Release|Any CPU.Build.0 = Release|Any CPU
		{E9BD903F-8745-4517-95E9-389B5586B884}.Release|x64.ActiveCfg = Release|Any CPU
		{E9BD903F-8745-4517-95E9-389B5586B884}.Release|x64.Build.0 = Release|Any CPU
		{E9BD903F-8745-4517-95E9-389B5586B884}.Release|x86.ActiveCfg = Release|Any CPU
		{E9BD903F-8745-4517-95E9-389B5586B884}.Release|x86.Build.0 = Release|Any CPU
		{EAC65425-CDB2-4DB4-8DEA-094738F2D2C5}.Debug|Any CPU.ActiveCfg = Debug
		{EAC65425-CDB2-4DB4-8DEA-094738F2D2C5}.Debug|x64.ActiveCfg = Debug
		{EAC65425-CDB2-4DB4-8DEA-094738F2D2C5}.Debug|x86.ActiveCfg = Debug
		{EAC65425-CDB2-4DB4-8DEA-094738F2D2C5}.Enterprise anonymous|Any CPU.ActiveCfg = Release
		{EAC65425-CDB2-4DB4-8DEA-094738F2D2C5}.Enterprise anonymous|x64.ActiveCfg = Release
		{EAC65425-CDB2-4DB4-8DEA-094738F2D2C5}.Enterprise anonymous|x86.ActiveCfg = Release
		{EAC65425-CDB2-4DB4-8DEA-094738F2D2C5}.Enterprise non-anonymous|Any CPU.ActiveCfg = Release
		{EAC65425-CDB2-4DB4-8DEA-094738F2D2C5}.Enterprise non-anonymous|x64.ActiveCfg = Release
		{EAC65425-CDB2-4DB4-8DEA-094738F2D2C5}.Enterprise non-anonymous|x86.ActiveCfg = Release
		{EAC65425-CDB2-4DB4-8DEA-094738F2D2C5}.Instructor|Any CPU.ActiveCfg = Release
		{EAC65425-CDB2-4DB4-8DEA-094738F2D2C5}.Instructor|x64.ActiveCfg = Release
		{EAC65425-CDB2-4DB4-8DEA-094738F2D2C5}.Instructor|x86.ActiveCfg = Release
		{EAC65425-CDB2-4DB4-8DEA-094738F2D2C5}.Release|Any CPU.ActiveCfg = Release
		{EAC65425-CDB2-4DB4-8DEA-094738F2D2C5}.Release|x64.ActiveCfg = Release
		{EAC65425-CDB2-4DB4-8DEA-094738F2D2C5}.Release|x86.ActiveCfg = Release
	EndGlobalSection
	GlobalSection(SolutionProperties) = preSolution
		HideSolutionNode = FALSE
	EndGlobalSection
	GlobalSection(ExtensibilityGlobals) = postSolution
		SolutionGuid = {CEAD45C3-31E3-4CD9-A841-92D64248E0DD}
	EndGlobalSection
EndGlobal
